# THIS IS AN AUTOGENERATED FILE. DO NOT EDIT THIS FILE DIRECTLY.
# yarn lockfile v1


vtt-to-text@^1.0.1:
  version "1.0.1"
  resolved "https://registry.npmjs.org/vtt-to-text/-/vtt-to-text-1.0.1.tgz#9a61d47afcdd876eb4e2e787b2cc805d1166f027"
  integrity sha512-Bjm9p+R7QVYTV1UakrbjXfKhONHoZXR0CipRJzkB95pWPwvrU603Mewvsbi4wRQ4kEX5+PJ+1O8g0mpL3aMIZw==
